
Microsoft Visual Studio Solution File, Format Version 11.00
# Visual Studio 2010
Project("{8BC9CEB8-8B4A-11D0-8D11-00A0C91BC942}") = "ModuleScan", "Source\ModuleScan.vcxproj", "{974ED545-1658-4894-9713-68BCF2953F10}"
EndProject
Global
	GlobalSection(SolutionConfigurationPlatforms) = preSolution
		Debug|Win32 = Debug|Win32
		Release|Win32 = Release|Win32
	EndGlobalSection
	GlobalSection(ProjectConfigurationPlatforms) = postSolution
		{974ED545-1658-4894-9713-68BCF2953F10}.Debug|Win32.ActiveCfg = Debug|Win32
		{974ED545-1658-4894-9713-68BCF2953F10}.Debug|Win32.Build.0 = Debug|Win32
		{974ED545-1658-4894-9713-68BCF2953F10}.Release|Win32.ActiveCfg = Release|Win32
		{974ED545-1658-4894-9713-68BCF2953F10}.Release|Win32.Build.0 = Release|Win32
	EndGlobalSection
	GlobalSection(SolutionProperties) = preSolution
		HideSolutionNode = FALSE
	EndGlobalSection
EndGlobal
